Microsoft Visual Studio Solution File, Format Version 8.00
Project("{8BC9CEB8-8B4A-11D0-8D11-00A0C91BC942}") = "libSDLx", "SDL\libSDLx.vcproj", "{22A15CB5-69B1-4145-A7BC-5DFE39C805AF}"
	ProjectSection(ProjectDependencies) = postProject
		{4C2C0A26-3834-4491-9634-CC920FEF9D03} = {4C2C0A26-3834-4491-9634-CC920FEF9D03}
		{51455757-140E-4492-BA81-E640678D5B7A} = {51455757-140E-4492-BA81-E640678D5B7A}
		{F9DE3C5A-4FF8-43CC-84CB-2D32BF431266} = {F9DE3C5A-4FF8-43CC-84CB-2D32BF431266}
		{56E120B2-0332-44BB-8D3F-8262AB9F4E47} = {56E120B2-0332-44BB-8D3F-8262AB9F4E47}
		{C9912AED-6D14-4751-90BA-F221AB4D2A37} = {C9912AED-6D14-4751-90BA-F221AB4D2A37}
	EndProjectSection
EndProject
Project("{8BC9CEB8-8B4A-11D0-8D11-00A0C91BC942}") = "mikmod", "libs\mikmod\mikmod.vcproj", "{4C2C0A26-3834-4491-9634-CC920FEF9D03}"
	ProjectSection(ProjectDependencies) = postProject
	EndProjectSection
EndProject
Project("{8BC9CEB8-8B4A-11D0-8D11-00A0C91BC942}") = "libOggX", "libs\vorbis\lib\libOggX.vcproj", "{C9912AED-6D14-4751-90BA-F221AB4D2A37}"
	ProjectSection(ProjectDependencies) = postProject
	EndProjectSection
EndProject
Project("{8BC9CEB8-8B4A-11D0-8D11-00A0C91BC942}") = "libVorbisFileX", "libs\vorbis\lib\libVorbisFileX.vcproj", "{F9DE3C5A-4FF8-43CC-84CB-2D32BF431266}"
	ProjectSection(ProjectDependencies) = postProject
	EndProjectSection
EndProject
Project("{8BC9CEB8-8B4A-11D0-8D11-00A0C91BC942}") = "libVorbisX", "libs\vorbis\lib\libVorbisX.vcproj", "{56E120B2-0332-44BB-8D3F-8262AB9F4E47}"
	ProjectSection(ProjectDependencies) = postProject
	EndProjectSection
EndProject
Project("{8BC9CEB8-8B4A-11D0-8D11-00A0C91BC942}") = "SDL_Image", "SDL_Image\SDL_Image.vcproj", "{230AAF61-5333-4482-9007-EBE63B34AF65}"
	ProjectSection(ProjectDependencies) = postProject
	EndProjectSection
EndProject
Project("{8BC9CEB8-8B4A-11D0-8D11-00A0C91BC942}") = "SDL_mixer", "SDL_Mixer\SDL_mixer.vcproj", "{CEA69FF8-4731-4FC4-8798-0917CD859AD6}"
	ProjectSection(ProjectDependencies) = postProject
	EndProjectSection
EndProject
Project("{8BC9CEB8-8B4A-11D0-8D11-00A0C91BC942}") = "SDL_net", "SDL_net\SDL_net.vcproj", "{9CB0B7ED-E6C8-4552-93AE-4E6C7E55DE76}"
	ProjectSection(ProjectDependencies) = postProject
	EndProjectSection
EndProject
Project("{8BC9CEB8-8B4A-11D0-8D11-00A0C91BC942}") = "timidity", "libs\timidity\timidity.vcproj", "{51455757-140E-4492-BA81-E640678D5B7A}"
	ProjectSection(ProjectDependencies) = postProject
	EndProjectSection
EndProject
Project("{8BC9CEB8-8B4A-11D0-8D11-00A0C91BC942}") = "zlibvc", "libs\zlib\xzlibvc.vcproj", "{07503C8D-9620-4346-8E8B-DBFB49FF8674}"
	ProjectSection(ProjectDependencies) = postProject
	EndProjectSection
EndProject
Project("{8BC9CEB8-8B4A-11D0-8D11-00A0C91BC942}") = "freetype-2.4.8", "libs\freetype-2.4.8\freetype-2.4.8.vcproj", "{A1A9EAA6-88D1-434F-AC5E-B30143260CB8}"
	ProjectSection(ProjectDependencies) = postProject
	EndProjectSection
EndProject
Project("{8BC9CEB8-8B4A-11D0-8D11-00A0C91BC942}") = "SDL_ttf", "SDL_ttf\SDL_ttf.vcproj", "{14BDBF0B-14DB-4569-A6B2-D78DE190902D}"
	ProjectSection(ProjectDependencies) = postProject
	EndProjectSection
EndProject
Project("{8BC9CEB8-8B4A-11D0-8D11-00A0C91BC942}") = "libSmpegX", "smpeg\libSmpegX.vcproj", "{F0B31D76-FB92-478D-81F6-3E8FC77EF75D}"
	ProjectSection(ProjectDependencies) = postProject
	EndProjectSection
EndProject
Global
	GlobalSection(SolutionConfiguration) = preSolution
		Debug = Debug
		Debug Win32 = Debug Win32
		Debug Xbox = Debug Xbox
		Profile = Profile
		Profile_FastCap = Profile_FastCap
		Release = Release
		Release Win32 = Release Win32
		Release Xbox = Release Xbox
		Release_LTCG = Release_LTCG
		ReleaseAxp Win32 = ReleaseAxp Win32
		ReleaseAxp Xbox = ReleaseAxp Xbox
		ReleaseWithoutAsm Win32 = ReleaseWithoutAsm Win32
		ReleaseWithoutAsm Xbox = ReleaseWithoutAsm Xbox
		ReleaseWithoutCrtdll Win32 = ReleaseWithoutCrtdll Win32
		ReleaseWithoutCrtdll Xbox = ReleaseWithoutCrtdll Xbox
		Xbox Singled Threaded = Xbox Singled Threaded
	EndGlobalSection
	GlobalSection(ProjectConfiguration) = postSolution
		{22A15CB5-69B1-4145-A7BC-5DFE39C805AF}.Debug.ActiveCfg = Debug|Xbox
		{22A15CB5-69B1-4145-A7BC-5DFE39C805AF}.Debug.Build.0 = Debug|Xbox
		{22A15CB5-69B1-4145-A7BC-5DFE39C805AF}.Debug Win32.ActiveCfg = Debug|Xbox
		{22A15CB5-69B1-4145-A7BC-5DFE39C805AF}.Debug Win32.Build.0 = Debug|Xbox
		{22A15CB5-69B1-4145-A7BC-5DFE39C805AF}.Debug Xbox.ActiveCfg = Debug|Xbox
		{22A15CB5-69B1-4145-A7BC-5DFE39C805AF}.Debug Xbox.Build.0 = Debug|Xbox
		{22A15CB5-69B1-4145-A7BC-5DFE39C805AF}.Profile.ActiveCfg = Profile|Xbox
		{22A15CB5-69B1-4145-A7BC-5DFE39C805AF}.Profile.Build.0 = Profile|Xbox
		{22A15CB5-69B1-4145-A7BC-5DFE39C805AF}.Profile_FastCap.ActiveCfg = Profile_FastCap|Xbox
		{22A15CB5-69B1-4145-A7BC-5DFE39C805AF}.Profile_FastCap.Build.0 = Profile_FastCap|Xbox
		{22A15CB5-69B1-4145-A7BC-5DFE39C805AF}.Release.ActiveCfg = Release|Xbox
		{22A15CB5-69B1-4145-A7BC-5DFE39C805AF}.Release.Build.0 = Release|Xbox
		{22A15CB5-69B1-4145-A7BC-5DFE39C805AF}.Release Win32.ActiveCfg = Release|Xbox
		{22A15CB5-69B1-4145-A7BC-5DFE39C805AF}.Release Win32.Build.0 = Release|Xbox
		{22A15CB5-69B1-4145-A7BC-5DFE39C805AF}.Release Xbox.ActiveCfg = Release|Xbox
		{22A15CB5-69B1-4145-A7BC-5DFE39C805AF}.Release Xbox.Build.0 = Release|Xbox
		{22A15CB5-69B1-4145-A7BC-5DFE39C805AF}.Release_LTCG.ActiveCfg = Release_LTCG|Xbox
		{22A15CB5-69B1-4145-A7BC-5DFE39C805AF}.Release_LTCG.Build.0 = Release_LTCG|Xbox
		{22A15CB5-69B1-4145-A7BC-5DFE39C805AF}.ReleaseAxp Win32.ActiveCfg = Release_LTCG|Xbox
		{22A15CB5-69B1-4145-A7BC-5DFE39C805AF}.ReleaseAxp Win32.Build.0 = Release_LTCG|Xbox
		{22A15CB5-69B1-4145-A7BC-5DFE39C805AF}.ReleaseAxp Xbox.ActiveCfg = Release_LTCG|Xbox
		{22A15CB5-69B1-4145-A7BC-5DFE39C805AF}.ReleaseAxp Xbox.Build.0 = Release_LTCG|Xbox
		{22A15CB5-69B1-4145-A7BC-5DFE39C805AF}.ReleaseWithoutAsm Win32.ActiveCfg = Release_LTCG|Xbox
		{22A15CB5-69B1-4145-A7BC-5DFE39C805AF}.ReleaseWithoutAsm Win32.Build.0 = Release_LTCG|Xbox
		{22A15CB5-69B1-4145-A7BC-5DFE39C805AF}.ReleaseWithoutAsm Xbox.ActiveCfg = Release_LTCG|Xbox
		{22A15CB5-69B1-4145-A7BC-5DFE39C805AF}.ReleaseWithoutAsm Xbox.Build.0 = Release_LTCG|Xbox
		{22A15CB5-69B1-4145-A7BC-5DFE39C805AF}.ReleaseWithoutCrtdll Win32.ActiveCfg = Release_LTCG|Xbox
		{22A15CB5-69B1-4145-A7BC-5DFE39C805AF}.ReleaseWithoutCrtdll Win32.Build.0 = Release_LTCG|Xbox
		{22A15CB5-69B1-4145-A7BC-5DFE39C805AF}.ReleaseWithoutCrtdll Xbox.ActiveCfg = Release_LTCG|Xbox
		{22A15CB5-69B1-4145-A7BC-5DFE39C805AF}.ReleaseWithoutCrtdll Xbox.Build.0 = Release_LTCG|Xbox
		{22A15CB5-69B1-4145-A7BC-5DFE39C805AF}.Xbox Singled Threaded.ActiveCfg = Xbox Singled Threaded|Xbox
		{22A15CB5-69B1-4145-A7BC-5DFE39C805AF}.Xbox Singled Threaded.Build.0 = Xbox Singled Threaded|Xbox
		{4C2C0A26-3834-4491-9634-CC920FEF9D03}.Debug.ActiveCfg = Debug|Xbox
		{4C2C0A26-3834-4491-9634-CC920FEF9D03}.Debug.Build.0 = Debug|Xbox
		{4C2C0A26-3834-4491-9634-CC920FEF9D03}.Debug Win32.ActiveCfg = Debug|Xbox
		{4C2C0A26-3834-4491-9634-CC920FEF9D03}.Debug Win32.Build.0 = Debug|Xbox
		{4C2C0A26-3834-4491-9634-CC920FEF9D03}.Debug Xbox.ActiveCfg = Debug|Xbox
		{4C2C0A26-3834-4491-9634-CC920FEF9D03}.Debug Xbox.Build.0 = Debug|Xbox
		{4C2C0A26-3834-4491-9634-CC920FEF9D03}.Profile.ActiveCfg = Profile|Xbox
		{4C2C0A26-3834-4491-9634-CC920FEF9D03}.Profile.Build.0 = Profile|Xbox
		{4C2C0A26-3834-4491-9634-CC920FEF9D03}.Profile_FastCap.ActiveCfg = Profile_FastCap|Xbox
		{4C2C0A26-3834-4491-9634-CC920FEF9D03}.Profile_FastCap.Build.0 = Profile_FastCap|Xbox
		{4C2C0A26-3834-4491-9634-CC920FEF9D03}.Release.ActiveCfg = Release|Xbox
		{4C2C0A26-3834-4491-9634-CC920FEF9D03}.Release.Build.0 = Release|Xbox
		{4C2C0A26-3834-4491-9634-CC920FEF9D03}.Release Win32.ActiveCfg = Release|Xbox
		{4C2C0A26-3834-4491-9634-CC920FEF9D03}.Release Win32.Build.0 = Release|Xbox
		{4C2C0A26-3834-4491-9634-CC920FEF9D03}.Release Xbox.ActiveCfg = Release|Xbox
		{4C2C0A26-3834-4491-9634-CC920FEF9D03}.Release Xbox.Build.0 = Release|Xbox
		{4C2C0A26-3834-4491-9634-CC920FEF9D03}.Release_LTCG.ActiveCfg = Release_LTCG|Xbox
		{4C2C0A26-3834-4491-9634-CC920FEF9D03}.Release_LTCG.Build.0 = Release_LTCG|Xbox
		{4C2C0A26-3834-4491-9634-CC920FEF9D03}.ReleaseAxp Win32.ActiveCfg = Release_LTCG|Xbox
		{4C2C0A26-3834-4491-9634-CC920FEF9D03}.ReleaseAxp Win32.Build.0 = Release_LTCG|Xbox
		{4C2C0A26-3834-4491-9634-CC920FEF9D03}.ReleaseAxp Xbox.ActiveCfg = Release_LTCG|Xbox
		{4C2C0A26-3834-4491-9634-CC920FEF9D03}.ReleaseAxp Xbox.Build.0 = Release_LTCG|Xbox
		{4C2C0A26-3834-4491-9634-CC920FEF9D03}.ReleaseWithoutAsm Win32.ActiveCfg = Release_LTCG|Xbox
		{4C2C0A26-3834-4491-9634-CC920FEF9D03}.ReleaseWithoutAsm Win32.Build.0 = Release_LTCG|Xbox
		{4C2C0A26-3834-4491-9634-CC920FEF9D03}.ReleaseWithoutAsm Xbox.ActiveCfg = Release_LTCG|Xbox
		{4C2C0A26-3834-4491-9634-CC920FEF9D03}.ReleaseWithoutAsm Xbox.Build.0 = Release_LTCG|Xbox
		{4C2C0A26-3834-4491-9634-CC920FEF9D03}.ReleaseWithoutCrtdll Win32.ActiveCfg = Release_LTCG|Xbox
		{4C2C0A26-3834-4491-9634-CC920FEF9D03}.ReleaseWithoutCrtdll Win32.Build.0 = Release_LTCG|Xbox
		{4C2C0A26-3834-4491-9634-CC920FEF9D03}.ReleaseWithoutCrtdll Xbox.ActiveCfg = Release_LTCG|Xbox
		{4C2C0A26-3834-4491-9634-CC920FEF9D03}.ReleaseWithoutCrtdll Xbox.Build.0 = Release_LTCG|Xbox
		{4C2C0A26-3834-4491-9634-CC920FEF9D03}.Xbox Singled Threaded.ActiveCfg = Release_LTCG|Xbox
		{4C2C0A26-3834-4491-9634-CC920FEF9D03}.Xbox Singled Threaded.Build.0 = Release_LTCG|Xbox
		{C9912AED-6D14-4751-90BA-F221AB4D2A37}.Debug.ActiveCfg = Debug|Xbox
		{C9912AED-6D14-4751-90BA-F221AB4D2A37}.Debug.Build.0 = Debug|Xbox
		{C9912AED-6D14-4751-90BA-F221AB4D2A37}.Debug Win32.ActiveCfg = Debug|Xbox
		{C9912AED-6D14-4751-90BA-F221AB4D2A37}.Debug Win32.Build.0 = Debug|Xbox
		{C9912AED-6D14-4751-90BA-F221AB4D2A37}.Debug Xbox.ActiveCfg = Debug|Xbox
		{C9912AED-6D14-4751-90BA-F221AB4D2A37}.Debug Xbox.Build.0 = Debug|Xbox
		{C9912AED-6D14-4751-90BA-F221AB4D2A37}.Profile.ActiveCfg = Profile|Xbox
		{C9912AED-6D14-4751-90BA-F221AB4D2A37}.Profile.Build.0 = Profile|Xbox
		{C9912AED-6D14-4751-90BA-F221AB4D2A37}.Profile_FastCap.ActiveCfg = Profile_FastCap|Xbox
		{C9912AED-6D14-4751-90BA-F221AB4D2A37}.Profile_FastCap.Build.0 = Profile_FastCap|Xbox
		{C9912AED-6D14-4751-90BA-F221AB4D2A37}.Release.ActiveCfg = Release|Xbox
		{C9912AED-6D14-4751-90BA-F221AB4D2A37}.Release.Build.0 = Release|Xbox
		{C9912AED-6D14-4751-90BA-F221AB4D2A37}.Release Win32.ActiveCfg = Release|Xbox
		{C9912AED-6D14-4751-90BA-F221AB4D2A37}.Release Win32.Build.0 = Release|Xbox
		{C9912AED-6D14-4751-90BA-F221AB4D2A37}.Release Xbox.ActiveCfg = Release|Xbox
		{C9912AED-6D14-4751-90BA-F221AB4D2A37}.Release Xbox.Build.0 = Release|Xbox
		{C9912AED-6D14-4751-90BA-F221AB4D2A37}.Release_LTCG.ActiveCfg = Release_LTCG|Xbox
		{C9912AED-6D14-4751-90BA-F221AB4D2A37}.Release_LTCG.Build.0 = Release_LTCG|Xbox
		{C9912AED-6D14-4751-90BA-F221AB4D2A37}.ReleaseAxp Win32.ActiveCfg = Release_LTCG|Xbox
		{C9912AED-6D14-4751-90BA-F221AB4D2A37}.ReleaseAxp Win32.Build.0 = Release_LTCG|Xbox
		{C9912AED-6D14-4751-90BA-F221AB4D2A37}.ReleaseAxp Xbox.ActiveCfg = Release_LTCG|Xbox
		{C9912AED-6D14-4751-90BA-F221AB4D2A37}.ReleaseAxp Xbox.Build.0 = Release_LTCG|Xbox
		{C9912AED-6D14-4751-90BA-F221AB4D2A37}.ReleaseWithoutAsm Win32.ActiveCfg = Release_LTCG|Xbox
		{C9912AED-6D14-4751-90BA-F221AB4D2A37}.ReleaseWithoutAsm Win32.Build.0 = Release_LTCG|Xbox
		{C9912AED-6D14-4751-90BA-F221AB4D2A37}.ReleaseWithoutAsm Xbox.ActiveCfg = Release_LTCG|Xbox
		{C9912AED-6D14-4751-90BA-F221AB4D2A37}.ReleaseWithoutAsm Xbox.Build.0 = Release_LTCG|Xbox
		{C9912AED-6D14-4751-90BA-F221AB4D2A37}.ReleaseWithoutCrtdll Win32.ActiveCfg = Release_LTCG|Xbox
		{C9912AED-6D14-4751-90BA-F221AB4D2A37}.ReleaseWithoutCrtdll Win32.Build.0 = Release_LTCG|Xbox
		{C9912AED-6D14-4751-90BA-F221AB4D2A37}.ReleaseWithoutCrtdll Xbox.ActiveCfg = Release_LTCG|Xbox
		{C9912AED-6D14-4751-90BA-F221AB4D2A37}.ReleaseWithoutCrtdll Xbox.Build.0 = Release_LTCG|Xbox
		{C9912AED-6D14-4751-90BA-F221AB4D2A37}.Xbox Singled Threaded.ActiveCfg = Release_LTCG|Xbox
		{C9912AED-6D14-4751-90BA-F221AB4D2A37}.Xbox Singled Threaded.Build.0 = Release_LTCG|Xbox
		{F9DE3C5A-4FF8-43CC-84CB-2D32BF431266}.Debug.ActiveCfg = Debug|Xbox
		{F9DE3C5A-4FF8-43CC-84CB-2D32BF431266}.Debug.Build.0 = Debug|Xbox
		{F9DE3C5A-4FF8-43CC-84CB-2D32BF431266}.Debug Win32.ActiveCfg = Debug|Xbox
		{F9DE3C5A-4FF8-43CC-84CB-2D32BF431266}.Debug Win32.Build.0 = Debug|Xbox
		{F9DE3C5A-4FF8-43CC-84CB-2D32BF431266}.Debug Xbox.ActiveCfg = Debug|Xbox
		{F9DE3C5A-4FF8-43CC-84CB-2D32BF431266}.Debug Xbox.Build.0 = Debug|Xbox
		{F9DE3C5A-4FF8-43CC-84CB-2D32BF431266}.Profile.ActiveCfg = Profile|Xbox
		{F9DE3C5A-4FF8-43CC-84CB-2D32BF431266}.Profile.Build.0 = Profile|Xbox
		{F9DE3C5A-4FF8-43CC-84CB-2D32BF431266}.Profile_FastCap.ActiveCfg = Profile_FastCap|Xbox
		{F9DE3C5A-4FF8-43CC-84CB-2D32BF431266}.Profile_FastCap.Build.0 = Profile_FastCap|Xbox
		{F9DE3C5A-4FF8-43CC-84CB-2D32BF431266}.Release.ActiveCfg = Release|Xbox
		{F9DE3C5A-4FF8-43CC-84CB-2D32BF431266}.Release.Build.0 = Release|Xbox
		{F9DE3C5A-4FF8-43CC-84CB-2D32BF431266}.Release Win32.ActiveCfg = Release|Xbox
		{F9DE3C5A-4FF8-43CC-84CB-2D32BF431266}.Release Win32.Build.0 = Release|Xbox
		{F9DE3C5A-4FF8-43CC-84CB-2D32BF431266}.Release Xbox.ActiveCfg = Release|Xbox
		{F9DE3C5A-4FF8-43CC-84CB-2D32BF431266}.Release Xbox.Build.0 = Release|Xbox
		{F9DE3C5A-4FF8-43CC-84CB-2D32BF431266}.Release_LTCG.ActiveCfg = Release_LTCG|Xbox
		{F9DE3C5A-4FF8-43CC-84CB-2D32BF431266}.Release_LTCG.Build.0 = Release_LTCG|Xbox
		{F9DE3C5A-4FF8-43CC-84CB-2D32BF431266}.ReleaseAxp Win32.ActiveCfg = Release_LTCG|Xbox
		{F9DE3C5A-4FF8-43CC-84CB-2D32BF431266}.ReleaseAxp Win32.Build.0 = Release_LTCG|Xbox
		{F9DE3C5A-4FF8-43CC-84CB-2D32BF431266}.ReleaseAxp Xbox.ActiveCfg = Release_LTCG|Xbox
		{F9DE3C5A-4FF8-43CC-84CB-2D32BF431266}.ReleaseAxp Xbox.Build.0 = Release_LTCG|Xbox
		{F9DE3C5A-4FF8-43CC-84CB-2D32BF431266}.ReleaseWithoutAsm Win32.ActiveCfg = Release_LTCG|Xbox
		{F9DE3C5A-4FF8-43CC-84CB-2D32BF431266}.ReleaseWithoutAsm Win32.Build.0 = Release_LTCG|Xbox
		{F9DE3C5A-4FF8-43CC-84CB-2D32BF431266}.ReleaseWithoutAsm Xbox.ActiveCfg = Release_LTCG|Xbox
		{F9DE3C5A-4FF8-43CC-84CB-2D32BF431266}.ReleaseWithoutAsm Xbox.Build.0 = Release_LTCG|Xbox
		{F9DE3C5A-4FF8-43CC-84CB-2D32BF431266}.ReleaseWithoutCrtdll Win32.ActiveCfg = Release_LTCG|Xbox
		{F9DE3C5A-4FF8-43CC-84CB-2D32BF431266}.ReleaseWithoutCrtdll Win32.Build.0 = Release_LTCG|Xbox
		{F9DE3C5A-4FF8-43CC-84CB-2D32BF431266}.ReleaseWithoutCrtdll Xbox.ActiveCfg = Release_LTCG|Xbox
		{F9DE3C5A-4FF8-43CC-84CB-2D32BF431266}.ReleaseWithoutCrtdll Xbox.Build.0 = Release_LTCG|Xbox
		{F9DE3C5A-4FF8-43CC-84CB-2D32BF431266}.Xbox Singled Threaded.ActiveCfg = Release_LTCG|Xbox
		{F9DE3C5A-4FF8-43CC-84CB-2D32BF431266}.Xbox Singled Threaded.Build.0 = Release_LTCG|Xbox
		{56E120B2-0332-44BB-8D3F-8262AB9F4E47}.Debug.ActiveCfg = Debug|Xbox
		{56E120B2-0332-44BB-8D3F-8262AB9F4E47}.Debug.Build.0 = Debug|Xbox
		{56E120B2-0332-44BB-8D3F-8262AB9F4E47}.Debug Win32.ActiveCfg = Debug|Xbox
		{56E120B2-0332-44BB-8D3F-8262AB9F4E47}.Debug Win32.Build.0 = Debug|Xbox
		{56E120B2-0332-44BB-8D3F-8262AB9F4E47}.Debug Xbox.ActiveCfg = Debug|Xbox
		{56E120B2-0332-44BB-8D3F-8262AB9F4E47}.Debug Xbox.Build.0 = Debug|Xbox
		{56E120B2-0332-44BB-8D3F-8262AB9F4E47}.Profile.ActiveCfg = Profile|Xbox
		{56E120B2-0332-44BB-8D3F-8262AB9F4E47}.Profile.Build.0 = Profile|Xbox
		{56E120B2-0332-44BB-8D3F-8262AB9F4E47}.Profile_FastCap.ActiveCfg = Profile_FastCap|Xbox
		{56E120B2-0332-44BB-8D3F-8262AB9F4E47}.Profile_FastCap.Build.0 = Profile_FastCap|Xbox
		{56E120B2-0332-44BB-8D3F-8262AB9F4E47}.Release.ActiveCfg = Release|Xbox
		{56E120B2-0332-44BB-8D3F-8262AB9F4E47}.Release.Build.0 = Release|Xbox
		{56E120B2-0332-44BB-8D3F-8262AB9F4E47}.Release Win32.ActiveCfg = Release|Xbox
		{56E120B2-0332-44BB-8D3F-8262AB9F4E47}.Release Win32.Build.0 = Release|Xbox
		{56E120B2-0332-44BB-8D3F-8262AB9F4E47}.Release Xbox.ActiveCfg = Release|Xbox
		{56E120B2-0332-44BB-8D3F-8262AB9F4E47}.Release Xbox.Build.0 = Release|Xbox
		{56E120B2-0332-44BB-8D3F-8262AB9F4E47}.Release_LTCG.ActiveCfg = Release_LTCG|Xbox
		{56E120B2-0332-44BB-8D3F-8262AB9F4E47}.Release_LTCG.Build.0 = Release_LTCG|Xbox
		{56E120B2-0332-44BB-8D3F-8262AB9F4E47}.ReleaseAxp Win32.ActiveCfg = Release_LTCG|Xbox
		{56E120B2-0332-44BB-8D3F-8262AB9F4E47}.ReleaseAxp Win32.Build.0 = Release_LTCG|Xbox
		{56E120B2-0332-44BB-8D3F-8262AB9F4E47}.ReleaseAxp Xbox.ActiveCfg = Release_LTCG|Xbox
		{56E120B2-0332-44BB-8D3F-8262AB9F4E47}.ReleaseAxp Xbox.Build.0 = Release_LTCG|Xbox
		{56E120B2-0332-44BB-8D3F-8262AB9F4E47}.ReleaseWithoutAsm Win32.ActiveCfg = Release_LTCG|Xbox
		{56E120B2-0332-44BB-8D3F-8262AB9F4E47}.ReleaseWithoutAsm Win32.Build.0 = Release_LTCG|Xbox
		{56E120B2-0332-44BB-8D3F-8262AB9F4E47}.ReleaseWithoutAsm Xbox.ActiveCfg = Release_LTCG|Xbox
		{56E120B2-0332-44BB-8D3F-8262AB9F4E47}.ReleaseWithoutAsm Xbox.Build.0 = Release_LTCG|Xbox
		{56E120B2-0332-44BB-8D3F-8262AB9F4E47}.ReleaseWithoutCrtdll Win32.ActiveCfg = Release_LTCG|Xbox
		{56E120B2-0332-44BB-8D3F-8262AB9F4E47}.ReleaseWithoutCrtdll Win32.Build.0 = Release_LTCG|Xbox
		{56E120B2-0332-44BB-8D3F-8262AB9F4E47}.ReleaseWithoutCrtdll Xbox.ActiveCfg = Release_LTCG|Xbox
		{56E120B2-0332-44BB-8D3F-8262AB9F4E47}.ReleaseWithoutCrtdll Xbox.Build.0 = Release_LTCG|Xbox
		{56E120B2-0332-44BB-8D3F-8262AB9F4E47}.Xbox Singled Threaded.ActiveCfg = Release_LTCG|Xbox
		{56E120B2-0332-44BB-8D3F-8262AB9F4E47}.Xbox Singled Threaded.Build.0 = Release_LTCG|Xbox
		{230AAF61-5333-4482-9007-EBE63B34AF65}.Debug.ActiveCfg = Debug|Xbox
		{230AAF61-5333-4482-9007-EBE63B34AF65}.Debug.Build.0 = Debug|Xbox
		{230AAF61-5333-4482-9007-EBE63B34AF65}.Debug Win32.ActiveCfg = Debug|Xbox
		{230AAF61-5333-4482-9007-EBE63B34AF65}.Debug Win32.Build.0 = Debug|Xbox
		{230AAF61-5333-4482-9007-EBE63B34AF65}.Debug Xbox.ActiveCfg = Debug|Xbox
		{230AAF61-5333-4482-9007-EBE63B34AF65}.Debug Xbox.Build.0 = Debug|Xbox
		{230AAF61-5333-4482-9007-EBE63B34AF65}.Profile.ActiveCfg = Profile|Xbox
		{230AAF61-5333-4482-9007-EBE63B34AF65}.Profile.Build.0 = Profile|Xbox
		{230AAF61-5333-4482-9007-EBE63B34AF65}.Profile_FastCap.ActiveCfg = Profile_FastCap|Xbox
		{230AAF61-5333-4482-9007-EBE63B34AF65}.Profile_FastCap.Build.0 = Profile_FastCap|Xbox
		{230AAF61-5333-4482-9007-EBE63B34AF65}.Release.ActiveCfg = Release|Xbox
		{230AAF61-5333-4482-9007-EBE63B34AF65}.Release.Build.0 = Release|Xbox
		{230AAF61-5333-4482-9007-EBE63B34AF65}.Release Win32.ActiveCfg = Release|Xbox
		{230AAF61-5333-4482-9007-EBE63B34AF65}.Release Win32.Build.0 = Release|Xbox
		{230AAF61-5333-4482-9007-EBE63B34AF65}.Release Xbox.ActiveCfg = Release|Xbox
		{230AAF61-5333-4482-9007-EBE63B34AF65}.Release Xbox.Build.0 = Release|Xbox
		{230AAF61-5333-4482-9007-EBE63B34AF65}.Release_LTCG.ActiveCfg = Release_LTCG|Xbox
		{230AAF61-5333-4482-9007-EBE63B34AF65}.Release_LTCG.Build.0 = Release_LTCG|Xbox
		{230AAF61-5333-4482-9007-EBE63B34AF65}.ReleaseAxp Win32.ActiveCfg = Release_LTCG|Xbox
		{230AAF61-5333-4482-9007-EBE63B34AF65}.ReleaseAxp Win32.Build.0 = Release_LTCG|Xbox
		{230AAF61-5333-4482-9007-EBE63B34AF65}.ReleaseAxp Xbox.ActiveCfg = Release_LTCG|Xbox
		{230AAF61-5333-4482-9007-EBE63B34AF65}.ReleaseAxp Xbox.Build.0 = Release_LTCG|Xbox
		{230AAF61-5333-4482-9007-EBE63B34AF65}.ReleaseWithoutAsm Win32.ActiveCfg = Release_LTCG|Xbox
		{230AAF61-5333-4482-9007-EBE63B34AF65}.ReleaseWithoutAsm Win32.Build.0 = Release_LTCG|Xbox
		{230AAF61-5333-4482-9007-EBE63B34AF65}.ReleaseWithoutAsm Xbox.ActiveCfg = Release_LTCG|Xbox
		{230AAF61-5333-4482-9007-EBE63B34AF65}.ReleaseWithoutAsm Xbox.Build.0 = Release_LTCG|Xbox
		{230AAF61-5333-4482-9007-EBE63B34AF65}.ReleaseWithoutCrtdll Win32.ActiveCfg = Release_LTCG|Xbox
		{230AAF61-5333-4482-9007-EBE63B34AF65}.ReleaseWithoutCrtdll Win32.Build.0 = Release_LTCG|Xbox
		{230AAF61-5333-4482-9007-EBE63B34AF65}.ReleaseWithoutCrtdll Xbox.ActiveCfg = Release_LTCG|Xbox
		{230AAF61-5333-4482-9007-EBE63B34AF65}.ReleaseWithoutCrtdll Xbox.Build.0 = Release_LTCG|Xbox
		{230AAF61-5333-4482-9007-EBE63B34AF65}.Xbox Singled Threaded.ActiveCfg = Release_LTCG|Xbox
		{230AAF61-5333-4482-9007-EBE63B34AF65}.Xbox Singled Threaded.Build.0 = Release_LTCG|Xbox
		{CEA69FF8-4731-4FC4-8798-0917CD859AD6}.Debug.ActiveCfg = Debug|Xbox
		{CEA69FF8-4731-4FC4-8798-0917CD859AD6}.Debug.Build.0 = Debug|Xbox
		{CEA69FF8-4731-4FC4-8798-0917CD859AD6}.Debug Win32.ActiveCfg = Debug|Xbox
		{CEA69FF8-4731-4FC4-8798-0917CD859AD6}.Debug Win32.Build.0 = Debug|Xbox
		{CEA69FF8-4731-4FC4-8798-0917CD859AD6}.Debug Xbox.ActiveCfg = Debug|Xbox
		{CEA69FF8-4731-4FC4-8798-0917CD859AD6}.Debug Xbox.Build.0 = Debug|Xbox
		{CEA69FF8-4731-4FC4-8798-0917CD859AD6}.Profile.ActiveCfg = Profile|Xbox
		{CEA69FF8-4731-4FC4-8798-0917CD859AD6}.Profile.Build.0 = Profile|Xbox
		{CEA69FF8-4731-4FC4-8798-0917CD859AD6}.Profile_FastCap.ActiveCfg = Profile_FastCap|Xbox
		{CEA69FF8-4731-4FC4-8798-0917CD859AD6}.Profile_FastCap.Build.0 = Profile_FastCap|Xbox
		{CEA69FF8-4731-4FC4-8798-0917CD859AD6}.Release.ActiveCfg = Release|Xbox
		{CEA69FF8-4731-4FC4-8798-0917CD859AD6}.Release.Build.0 = Release|Xbox
		{CEA69FF8-4731-4FC4-8798-0917CD859AD6}.Release Win32.ActiveCfg = Release|Xbox
		{CEA69FF8-4731-4FC4-8798-0917CD859AD6}.Release Win32.Build.0 = Release|Xbox
		{CEA69FF8-4731-4FC4-8798-0917CD859AD6}.Release Xbox.ActiveCfg = Release|Xbox
		{CEA69FF8-4731-4FC4-8798-0917CD859AD6}.Release Xbox.Build.0 = Release|Xbox
		{CEA69FF8-4731-4FC4-8798-0917CD859AD6}.Release_LTCG.ActiveCfg = Release_LTCG|Xbox
		{CEA69FF8-4731-4FC4-8798-0917CD859AD6}.Release_LTCG.Build.0 = Release_LTCG|Xbox
		{CEA69FF8-4731-4FC4-8798-0917CD859AD6}.ReleaseAxp Win32.ActiveCfg = Release_LTCG|Xbox
		{CEA69FF8-4731-4FC4-8798-0917CD859AD6}.ReleaseAxp Win32.Build.0 = Release_LTCG|Xbox
		{CEA69FF8-4731-4FC4-8798-0917CD859AD6}.ReleaseAxp Xbox.ActiveCfg = Release_LTCG|Xbox
		{CEA69FF8-4731-4FC4-8798-0917CD859AD6}.ReleaseAxp Xbox.Build.0 = Release_LTCG|Xbox
		{CEA69FF8-4731-4FC4-8798-0917CD859AD6}.ReleaseWithoutAsm Win32.ActiveCfg = Release_LTCG|Xbox
		{CEA69FF8-4731-4FC4-8798-0917CD859AD6}.ReleaseWithoutAsm Win32.Build.0 = Release_LTCG|Xbox
		{CEA69FF8-4731-4FC4-8798-0917CD859AD6}.ReleaseWithoutAsm Xbox.ActiveCfg = Release_LTCG|Xbox
		{CEA69FF8-4731-4FC4-8798-0917CD859AD6}.ReleaseWithoutAsm Xbox.Build.0 = Release_LTCG|Xbox
		{CEA69FF8-4731-4FC4-8798-0917CD859AD6}.ReleaseWithoutCrtdll Win32.ActiveCfg = Release_LTCG|Xbox
		{CEA69FF8-4731-4FC4-8798-0917CD859AD6}.ReleaseWithoutCrtdll Win32.Build.0 = Release_LTCG|Xbox
		{CEA69FF8-4731-4FC4-8798-0917CD859AD6}.ReleaseWithoutCrtdll Xbox.ActiveCfg = Release_LTCG|Xbox
		{CEA69FF8-4731-4FC4-8798-0917CD859AD6}.ReleaseWithoutCrtdll Xbox.Build.0 = Release_LTCG|Xbox
		{CEA69FF8-4731-4FC4-8798-0917CD859AD6}.Xbox Singled Threaded.ActiveCfg = Release_LTCG|Xbox
		{CEA69FF8-4731-4FC4-8798-0917CD859AD6}.Xbox Singled Threaded.Build.0 = Release_LTCG|Xbox
		{9CB0B7ED-E6C8-4552-93AE-4E6C7E55DE76}.Debug.ActiveCfg = Debug|Xbox
		{9CB0B7ED-E6C8-4552-93AE-4E6C7E55DE76}.Debug.Build.0 = Debug|Xbox
		{9CB0B7ED-E6C8-4552-93AE-4E6C7E55DE76}.Debug Win32.ActiveCfg = Debug|Xbox
		{9CB0B7ED-E6C8-4552-93AE-4E6C7E55DE76}.Debug Win32.Build.0 = Debug|Xbox
		{9CB0B7ED-E6C8-4552-93AE-4E6C7E55DE76}.Debug Xbox.ActiveCfg = Debug|Xbox
		{9CB0B7ED-E6C8-4552-93AE-4E6C7E55DE76}.Debug Xbox.Build.0 = Debug|Xbox
		{9CB0B7ED-E6C8-4552-93AE-4E6C7E55DE76}.Profile.ActiveCfg = Profile|Xbox
		{9CB0B7ED-E6C8-4552-93AE-4E6C7E55DE76}.Profile.Build.0 = Profile|Xbox
		{9CB0B7ED-E6C8-4552-93AE-4E6C7E55DE76}.Profile_FastCap.ActiveCfg = Profile_FastCap|Xbox
		{9CB0B7ED-E6C8-4552-93AE-4E6C7E55DE76}.Profile_FastCap.Build.0 = Profile_FastCap|Xbox
		{9CB0B7ED-E6C8-4552-93AE-4E6C7E55DE76}.Release.ActiveCfg = Release|Xbox
		{9CB0B7ED-E6C8-4552-93AE-4E6C7E55DE76}.Release.Build.0 = Release|Xbox
		{9CB0B7ED-E6C8-4552-93AE-4E6C7E55DE76}.Release Win32.ActiveCfg = Release|Xbox
		{9CB0B7ED-E6C8-4552-93AE-4E6C7E55DE76}.Release Win32.Build.0 = Release|Xbox
		{9CB0B7ED-E6C8-4552-93AE-4E6C7E55DE76}.Release Xbox.ActiveCfg = Release|Xbox
		{9CB0B7ED-E6C8-4552-93AE-4E6C7E55DE76}.Release Xbox.Build.0 = Release|Xbox
		{9CB0B7ED-E6C8-4552-93AE-4E6C7E55DE76}.Release_LTCG.ActiveCfg = Release_LTCG|Xbox
		{9CB0B7ED-E6C8-4552-93AE-4E6C7E55DE76}.Release_LTCG.Build.0 = Release_LTCG|Xbox
		{9CB0B7ED-E6C8-4552-93AE-4E6C7E55DE76}.ReleaseAxp Win32.ActiveCfg = Release_LTCG|Xbox
		{9CB0B7ED-E6C8-4552-93AE-4E6C7E55DE76}.ReleaseAxp Win32.Build.0 = Release_LTCG|Xbox
		{9CB0B7ED-E6C8-4552-93AE-4E6C7E55DE76}.ReleaseAxp Xbox.ActiveCfg = Release_LTCG|Xbox
		{9CB0B7ED-E6C8-4552-93AE-4E6C7E55DE76}.ReleaseAxp Xbox.Build.0 = Release_LTCG|Xbox
		{9CB0B7ED-E6C8-4552-93AE-4E6C7E55DE76}.ReleaseWithoutAsm Win32.ActiveCfg = Release_LTCG|Xbox
		{9CB0B7ED-E6C8-4552-93AE-4E6C7E55DE76}.ReleaseWithoutAsm Win32.Build.0 = Release_LTCG|Xbox
		{9CB0B7ED-E6C8-4552-93AE-4E6C7E55DE76}.ReleaseWithoutAsm Xbox.ActiveCfg = Release_LTCG|Xbox
		{9CB0B7ED-E6C8-4552-93AE-4E6C7E55DE76}.ReleaseWithoutAsm Xbox.Build.0 = Release_LTCG|Xbox
		{9CB0B7ED-E6C8-4552-93AE-4E6C7E55DE76}.ReleaseWithoutCrtdll Win32.ActiveCfg = Release_LTCG|Xbox
		{9CB0B7ED-E6C8-4552-93AE-4E6C7E55DE76}.ReleaseWithoutCrtdll Win32.Build.0 = Release_LTCG|Xbox
		{9CB0B7ED-E6C8-4552-93AE-4E6C7E55DE76}.ReleaseWithoutCrtdll Xbox.ActiveCfg = Release_LTCG|Xbox
		{9CB0B7ED-E6C8-4552-93AE-4E6C7E55DE76}.ReleaseWithoutCrtdll Xbox.Build.0 = Release_LTCG|Xbox
		{9CB0B7ED-E6C8-4552-93AE-4E6C7E55DE76}.Xbox Singled Threaded.ActiveCfg = Release_LTCG|Xbox
		{9CB0B7ED-E6C8-4552-93AE-4E6C7E55DE76}.Xbox Singled Threaded.Build.0 = Release_LTCG|Xbox
		{51455757-140E-4492-BA81-E640678D5B7A}.Debug.ActiveCfg = Debug|Xbox
		{51455757-140E-4492-BA81-E640678D5B7A}.Debug.Build.0 = Debug|Xbox
		{51455757-140E-4492-BA81-E640678D5B7A}.Debug Win32.ActiveCfg = Debug|Xbox
		{51455757-140E-4492-BA81-E640678D5B7A}.Debug Win32.Build.0 = Debug|Xbox
		{51455757-140E-4492-BA81-E640678D5B7A}.Debug Xbox.ActiveCfg = Debug|Xbox
		{51455757-140E-4492-BA81-E640678D5B7A}.Debug Xbox.Build.0 = Debug|Xbox
		{51455757-140E-4492-BA81-E640678D5B7A}.Profile.ActiveCfg = Profile|Xbox
		{51455757-140E-4492-BA81-E640678D5B7A}.Profile.Build.0 = Profile|Xbox
		{51455757-140E-4492-BA81-E640678D5B7A}.Profile_FastCap.ActiveCfg = Profile_FastCap|Xbox
		{51455757-140E-4492-BA81-E640678D5B7A}.Profile_FastCap.Build.0 = Profile_FastCap|Xbox
		{51455757-140E-4492-BA81-E640678D5B7A}.Release.ActiveCfg = Release|Xbox
		{51455757-140E-4492-BA81-E640678D5B7A}.Release.Build.0 = Release|Xbox
		{51455757-140E-4492-BA81-E640678D5B7A}.Release Win32.ActiveCfg = Release|Xbox
		{51455757-140E-4492-BA81-E640678D5B7A}.Release Win32.Build.0 = Release|Xbox
		{51455757-140E-4492-BA81-E640678D5B7A}.Release Xbox.ActiveCfg = Release|Xbox
		{51455757-140E-4492-BA81-E640678D5B7A}.Release Xbox.Build.0 = Release|Xbox
		{51455757-140E-4492-BA81-E640678D5B7A}.Release_LTCG.ActiveCfg = Release_LTCG|Xbox
		{51455757-140E-4492-BA81-E640678D5B7A}.Release_LTCG.Build.0 = Release_LTCG|Xbox
		{51455757-140E-4492-BA81-E640678D5B7A}.ReleaseAxp Win32.ActiveCfg = Release_LTCG|Xbox
		{51455757-140E-4492-BA81-E640678D5B7A}.ReleaseAxp Win32.Build.0 = Release_LTCG|Xbox
		{51455757-140E-4492-BA81-E640678D5B7A}.ReleaseAxp Xbox.ActiveCfg = Release_LTCG|Xbox
		{51455757-140E-4492-BA81-E640678D5B7A}.ReleaseAxp Xbox.Build.0 = Release_LTCG|Xbox
		{51455757-140E-4492-BA81-E640678D5B7A}.ReleaseWithoutAsm Win32.ActiveCfg = Release_LTCG|Xbox
		{51455757-140E-4492-BA81-E640678D5B7A}.ReleaseWithoutAsm Win32.Build.0 = Release_LTCG|Xbox
		{51455757-140E-4492-BA81-E640678D5B7A}.ReleaseWithoutAsm Xbox.ActiveCfg = Release_LTCG|Xbox
		{51455757-140E-4492-BA81-E640678D5B7A}.ReleaseWithoutAsm Xbox.Build.0 = Release_LTCG|Xbox
		{51455757-140E-4492-BA81-E640678D5B7A}.ReleaseWithoutCrtdll Win32.ActiveCfg = Release_LTCG|Xbox
		{51455757-140E-4492-BA81-E640678D5B7A}.ReleaseWithoutCrtdll Win32.Build.0 = Release_LTCG|Xbox
		{51455757-140E-4492-BA81-E640678D5B7A}.ReleaseWithoutCrtdll Xbox.ActiveCfg = Release_LTCG|Xbox
		{51455757-140E-4492-BA81-E640678D5B7A}.ReleaseWithoutCrtdll Xbox.Build.0 = Release_LTCG|Xbox
		{51455757-140E-4492-BA81-E640678D5B7A}.Xbox Singled Threaded.ActiveCfg = Release_LTCG|Xbox
		{51455757-140E-4492-BA81-E640678D5B7A}.Xbox Singled Threaded.Build.0 = Release_LTCG|Xbox
		{07503C8D-9620-4346-8E8B-DBFB49FF8674}.Debug.ActiveCfg = Debug|Win32
		{07503C8D-9620-4346-8E8B-DBFB49FF8674}.Debug.Build.0 = Debug|Win32
		{07503C8D-9620-4346-8E8B-DBFB49FF8674}.Debug Win32.ActiveCfg = Debug|Win32
		{07503C8D-9620-4346-8E8B-DBFB49FF8674}.Debug Win32.Build.0 = Debug|Win32
		{07503C8D-9620-4346-8E8B-DBFB49FF8674}.Debug Xbox.ActiveCfg = Debug|Xbox
		{07503C8D-9620-4346-8E8B-DBFB49FF8674}.Debug Xbox.Build.0 = Debug|Xbox
		{07503C8D-9620-4346-8E8B-DBFB49FF8674}.Profile.ActiveCfg = ReleaseWithoutAsm|Xbox
		{07503C8D-9620-4346-8E8B-DBFB49FF8674}.Profile.Build.0 = ReleaseWithoutAsm|Xbox
		{07503C8D-9620-4346-8E8B-DBFB49FF8674}.Profile_FastCap.ActiveCfg = ReleaseWithoutAsm|Xbox
		{07503C8D-9620-4346-8E8B-DBFB49FF8674}.Profile_FastCap.Build.0 = ReleaseWithoutAsm|Xbox
		{07503C8D-9620-4346-8E8B-DBFB49FF8674}.Release.ActiveCfg = Release|Win32
		{07503C8D-9620-4346-8E8B-DBFB49FF8674}.Release.Build.0 = Release|Win32
		{07503C8D-9620-4346-8E8B-DBFB49FF8674}.Release Win32.ActiveCfg = Release|Win32
		{07503C8D-9620-4346-8E8B-DBFB49FF8674}.Release Win32.Build.0 = Release|Win32
		{07503C8D-9620-4346-8E8B-DBFB49FF8674}.Release Xbox.ActiveCfg = Release|Xbox
		{07503C8D-9620-4346-8E8B-DBFB49FF8674}.Release Xbox.Build.0 = Release|Xbox
		{07503C8D-9620-4346-8E8B-DBFB49FF8674}.Release_LTCG.ActiveCfg = ReleaseWithoutAsm|Xbox
		{07503C8D-9620-4346-8E8B-DBFB49FF8674}.Release_LTCG.Build.0 = ReleaseWithoutAsm|Xbox
		{07503C8D-9620-4346-8E8B-DBFB49FF8674}.ReleaseAxp Win32.ActiveCfg = ReleaseAxp|Win32
		{07503C8D-9620-4346-8E8B-DBFB49FF8674}.ReleaseAxp Win32.Build.0 = ReleaseAxp|Win32
		{07503C8D-9620-4346-8E8B-DBFB49FF8674}.ReleaseAxp Xbox.ActiveCfg = ReleaseAxp|Xbox
		{07503C8D-9620-4346-8E8B-DBFB49FF8674}.ReleaseAxp Xbox.Build.0 = ReleaseAxp|Xbox
		{07503C8D-9620-4346-8E8B-DBFB49FF8674}.ReleaseWithoutAsm Win32.ActiveCfg = ReleaseWithoutAsm|Win32
		{07503C8D-9620-4346-8E8B-DBFB49FF8674}.ReleaseWithoutAsm Win32.Build.0 = ReleaseWithoutAsm|Win32
		{07503C8D-9620-4346-8E8B-DBFB49FF8674}.ReleaseWithoutAsm Xbox.ActiveCfg = ReleaseWithoutAsm|Xbox
		{07503C8D-9620-4346-8E8B-DBFB49FF8674}.ReleaseWithoutAsm Xbox.Build.0 = ReleaseWithoutAsm|Xbox
		{07503C8D-9620-4346-8E8B-DBFB49FF8674}.ReleaseWithoutCrtdll Win32.ActiveCfg = ReleaseWithoutCrtdll|Win32
		{07503C8D-9620-4346-8E8B-DBFB49FF8674}.ReleaseWithoutCrtdll Win32.Build.0 = ReleaseWithoutCrtdll|Win32
		{07503C8D-9620-4346-8E8B-DBFB49FF8674}.ReleaseWithoutCrtdll Xbox.ActiveCfg = ReleaseWithoutCrtdll|Xbox
		{07503C8D-9620-4346-8E8B-DBFB49FF8674}.ReleaseWithoutCrtdll Xbox.Build.0 = ReleaseWithoutCrtdll|Xbox
		{07503C8D-9620-4346-8E8B-DBFB49FF8674}.Xbox Singled Threaded.ActiveCfg = ReleaseWithoutAsm|Xbox
		{07503C8D-9620-4346-8E8B-DBFB49FF8674}.Xbox Singled Threaded.Build.0 = ReleaseWithoutAsm|Xbox
		{A1A9EAA6-88D1-434F-AC5E-B30143260CB8}.Debug.ActiveCfg = Debug|Xbox
		{A1A9EAA6-88D1-434F-AC5E-B30143260CB8}.Debug.Build.0 = Debug|Xbox
		{A1A9EAA6-88D1-434F-AC5E-B30143260CB8}.Debug Win32.ActiveCfg = Debug|Xbox
		{A1A9EAA6-88D1-434F-AC5E-B30143260CB8}.Debug Win32.Build.0 = Debug|Xbox
		{A1A9EAA6-88D1-434F-AC5E-B30143260CB8}.Debug Xbox.ActiveCfg = Debug|Xbox
		{A1A9EAA6-88D1-434F-AC5E-B30143260CB8}.Debug Xbox.Build.0 = Debug|Xbox
		{A1A9EAA6-88D1-434F-AC5E-B30143260CB8}.Profile.ActiveCfg = Profile|Xbox
		{A1A9EAA6-88D1-434F-AC5E-B30143260CB8}.Profile.Build.0 = Profile|Xbox
		{A1A9EAA6-88D1-434F-AC5E-B30143260CB8}.Profile_FastCap.ActiveCfg = Profile_FastCap|Xbox
		{A1A9EAA6-88D1-434F-AC5E-B30143260CB8}.Profile_FastCap.Build.0 = Profile_FastCap|Xbox
		{A1A9EAA6-88D1-434F-AC5E-B30143260CB8}.Release.ActiveCfg = Release|Xbox
		{A1A9EAA6-88D1-434F-AC5E-B30143260CB8}.Release.Build.0 = Release|Xbox
		{A1A9EAA6-88D1-434F-AC5E-B30143260CB8}.Release Win32.ActiveCfg = Release|Xbox
		{A1A9EAA6-88D1-434F-AC5E-B30143260CB8}.Release Win32.Build.0 = Release|Xbox
		{A1A9EAA6-88D1-434F-AC5E-B30143260CB8}.Release Xbox.ActiveCfg = Release|Xbox
		{A1A9EAA6-88D1-434F-AC5E-B30143260CB8}.Release Xbox.Build.0 = Release|Xbox
		{A1A9EAA6-88D1-434F-AC5E-B30143260CB8}.Release_LTCG.ActiveCfg = Release_LTCG|Xbox
		{A1A9EAA6-88D1-434F-AC5E-B30143260CB8}.Release_LTCG.Build.0 = Release_LTCG|Xbox
		{A1A9EAA6-88D1-434F-AC5E-B30143260CB8}.ReleaseAxp Win32.ActiveCfg = Release_LTCG|Xbox
		{A1A9EAA6-88D1-434F-AC5E-B30143260CB8}.ReleaseAxp Win32.Build.0 = Release_LTCG|Xbox
		{A1A9EAA6-88D1-434F-AC5E-B30143260CB8}.ReleaseAxp Xbox.ActiveCfg = Release_LTCG|Xbox
		{A1A9EAA6-88D1-434F-AC5E-B30143260CB8}.ReleaseAxp Xbox.Build.0 = Release_LTCG|Xbox
		{A1A9EAA6-88D1-434F-AC5E-B30143260CB8}.ReleaseWithoutAsm Win32.ActiveCfg = Release_LTCG|Xbox
		{A1A9EAA6-88D1-434F-AC5E-B30143260CB8}.ReleaseWithoutAsm Win32.Build.0 = Release_LTCG|Xbox
		{A1A9EAA6-88D1-434F-AC5E-B30143260CB8}.ReleaseWithoutAsm Xbox.ActiveCfg = Release_LTCG|Xbox
		{A1A9EAA6-88D1-434F-AC5E-B30143260CB8}.ReleaseWithoutAsm Xbox.Build.0 = Release_LTCG|Xbox
		{A1A9EAA6-88D1-434F-AC5E-B30143260CB8}.ReleaseWithoutCrtdll Win32.ActiveCfg = Release_LTCG|Xbox
		{A1A9EAA6-88D1-434F-AC5E-B30143260CB8}.ReleaseWithoutCrtdll Win32.Build.0 = Release_LTCG|Xbox
		{A1A9EAA6-88D1-434F-AC5E-B30143260CB8}.ReleaseWithoutCrtdll Xbox.ActiveCfg = Release_LTCG|Xbox
		{A1A9EAA6-88D1-434F-AC5E-B30143260CB8}.ReleaseWithoutCrtdll Xbox.Build.0 = Release_LTCG|Xbox
		{A1A9EAA6-88D1-434F-AC5E-B30143260CB8}.Xbox Singled Threaded.ActiveCfg = Release_LTCG|Xbox
		{A1A9EAA6-88D1-434F-AC5E-B30143260CB8}.Xbox Singled Threaded.Build.0 = Release_LTCG|Xbox
		{14BDBF0B-14DB-4569-A6B2-D78DE190902D}.Debug.ActiveCfg = Debug|Xbox
		{14BDBF0B-14DB-4569-A6B2-D78DE190902D}.Debug.Build.0 = Debug|Xbox
		{14BDBF0B-14DB-4569-A6B2-D78DE190902D}.Debug Win32.ActiveCfg = Debug|Xbox
		{14BDBF0B-14DB-4569-A6B2-D78DE190902D}.Debug Win32.Build.0 = Debug|Xbox
		{14BDBF0B-14DB-4569-A6B2-D78DE190902D}.Debug Xbox.ActiveCfg = Debug|Xbox
		{14BDBF0B-14DB-4569-A6B2-D78DE190902D}.Debug Xbox.Build.0 = Debug|Xbox
		{14BDBF0B-14DB-4569-A6B2-D78DE190902D}.Profile.ActiveCfg = Profile|Xbox
		{14BDBF0B-14DB-4569-A6B2-D78DE190902D}.Profile.Build.0 = Profile|Xbox
		{14BDBF0B-14DB-4569-A6B2-D78DE190902D}.Profile_FastCap.ActiveCfg = Profile_FastCap|Xbox
		{14BDBF0B-14DB-4569-A6B2-D78DE190902D}.Profile_FastCap.Build.0 = Profile_FastCap|Xbox
		{14BDBF0B-14DB-4569-A6B2-D78DE190902D}.Release.ActiveCfg = Release|Xbox
		{14BDBF0B-14DB-4569-A6B2-D78DE190902D}.Release.Build.0 = Release|Xbox
		{14BDBF0B-14DB-4569-A6B2-D78DE190902D}.Release Win32.ActiveCfg = Release|Xbox
		{14BDBF0B-14DB-4569-A6B2-D78DE190902D}.Release Win32.Build.0 = Release|Xbox
		{14BDBF0B-14DB-4569-A6B2-D78DE190902D}.Release Xbox.ActiveCfg = Release|Xbox
		{14BDBF0B-14DB-4569-A6B2-D78DE190902D}.Release Xbox.Build.0 = Release|Xbox
		{14BDBF0B-14DB-4569-A6B2-D78DE190902D}.Release_LTCG.ActiveCfg = Release_LTCG|Xbox
		{14BDBF0B-14DB-4569-A6B2-D78DE190902D}.Release_LTCG.Build.0 = Release_LTCG|Xbox
		{14BDBF0B-14DB-4569-A6B2-D78DE190902D}.ReleaseAxp Win32.ActiveCfg = Release_LTCG|Xbox
		{14BDBF0B-14DB-4569-A6B2-D78DE190902D}.ReleaseAxp Win32.Build.0 = Release_LTCG|Xbox
		{14BDBF0B-14DB-4569-A6B2-D78DE190902D}.ReleaseAxp Xbox.ActiveCfg = Release_LTCG|Xbox
		{14BDBF0B-14DB-4569-A6B2-D78DE190902D}.ReleaseAxp Xbox.Build.0 = Release_LTCG|Xbox
		{14BDBF0B-14DB-4569-A6B2-D78DE190902D}.ReleaseWithoutAsm Win32.ActiveCfg = Release_LTCG|Xbox
		{14BDBF0B-14DB-4569-A6B2-D78DE190902D}.ReleaseWithoutAsm Win32.Build.0 = Release_LTCG|Xbox
		{14BDBF0B-14DB-4569-A6B2-D78DE190902D}.ReleaseWithoutAsm Xbox.ActiveCfg = Release_LTCG|Xbox
		{14BDBF0B-14DB-4569-A6B2-D78DE190902D}.ReleaseWithoutAsm Xbox.Build.0 = Release_LTCG|Xbox
		{14BDBF0B-14DB-4569-A6B2-D78DE190902D}.ReleaseWithoutCrtdll Win32.ActiveCfg = Release_LTCG|Xbox
		{14BDBF0B-14DB-4569-A6B2-D78DE190902D}.ReleaseWithoutCrtdll Win32.Build.0 = Release_LTCG|Xbox
		{14BDBF0B-14DB-4569-A6B2-D78DE190902D}.ReleaseWithoutCrtdll Xbox.ActiveCfg = Release_LTCG|Xbox
		{14BDBF0B-14DB-4569-A6B2-D78DE190902D}.ReleaseWithoutCrtdll Xbox.Build.0 = Release_LTCG|Xbox
		{14BDBF0B-14DB-4569-A6B2-D78DE190902D}.Xbox Singled Threaded.ActiveCfg = Release_LTCG|Xbox
		{14BDBF0B-14DB-4569-A6B2-D78DE190902D}.Xbox Singled Threaded.Build.0 = Release_LTCG|Xbox
		{F0B31D76-FB92-478D-81F6-3E8FC77EF75D}.Debug.ActiveCfg = Debug|Xbox
		{F0B31D76-FB92-478D-81F6-3E8FC77EF75D}.Debug.Build.0 = Debug|Xbox
		{F0B31D76-FB92-478D-81F6-3E8FC77EF75D}.Debug Win32.ActiveCfg = Debug|Xbox
		{F0B31D76-FB92-478D-81F6-3E8FC77EF75D}.Debug Win32.Build.0 = Debug|Xbox
		{F0B31D76-FB92-478D-81F6-3E8FC77EF75D}.Debug Xbox.ActiveCfg = Debug|Xbox
		{F0B31D76-FB92-478D-81F6-3E8FC77EF75D}.Debug Xbox.Build.0 = Debug|Xbox
		{F0B31D76-FB92-478D-81F6-3E8FC77EF75D}.Profile.ActiveCfg = Profile|Xbox
		{F0B31D76-FB92-478D-81F6-3E8FC77EF75D}.Profile.Build.0 = Profile|Xbox
		{F0B31D76-FB92-478D-81F6-3E8FC77EF75D}.Profile_FastCap.ActiveCfg = Profile_FastCap|Xbox
		{F0B31D76-FB92-478D-81F6-3E8FC77EF75D}.Profile_FastCap.Build.0 = Profile_FastCap|Xbox
		{F0B31D76-FB92-478D-81F6-3E8FC77EF75D}.Release.ActiveCfg = Release|Xbox
		{F0B31D76-FB92-478D-81F6-3E8FC77EF75D}.Release.Build.0 = Release|Xbox
		{F0B31D76-FB92-478D-81F6-3E8FC77EF75D}.Release Win32.ActiveCfg = Release|Xbox
		{F0B31D76-FB92-478D-81F6-3E8FC77EF75D}.Release Win32.Build.0 = Release|Xbox
		{F0B31D76-FB92-478D-81F6-3E8FC77EF75D}.Release Xbox.ActiveCfg = Release|Xbox
		{F0B31D76-FB92-478D-81F6-3E8FC77EF75D}.Release Xbox.Build.0 = Release|Xbox
		{F0B31D76-FB92-478D-81F6-3E8FC77EF75D}.Release_LTCG.ActiveCfg = Release_LTCG|Xbox
		{F0B31D76-FB92-478D-81F6-3E8FC77EF75D}.Release_LTCG.Build.0 = Release_LTCG|Xbox
		{F0B31D76-FB92-478D-81F6-3E8FC77EF75D}.ReleaseAxp Win32.ActiveCfg = Release_LTCG|Xbox
		{F0B31D76-FB92-478D-81F6-3E8FC77EF75D}.ReleaseAxp Win32.Build.0 = Release_LTCG|Xbox
		{F0B31D76-FB92-478D-81F6-3E8FC77EF75D}.ReleaseAxp Xbox.ActiveCfg = Release_LTCG|Xbox
		{F0B31D76-FB92-478D-81F6-3E8FC77EF75D}.ReleaseAxp Xbox.Build.0 = Release_LTCG|Xbox
		{F0B31D76-FB92-478D-81F6-3E8FC77EF75D}.ReleaseWithoutAsm Win32.ActiveCfg = Release_LTCG|Xbox
		{F0B31D76-FB92-478D-81F6-3E8FC77EF75D}.ReleaseWithoutAsm Win32.Build.0 = Release_LTCG|Xbox
		{F0B31D76-FB92-478D-81F6-3E8FC77EF75D}.ReleaseWithoutAsm Xbox.ActiveCfg = Release_LTCG|Xbox
		{F0B31D76-FB92-478D-81F6-3E8FC77EF75D}.ReleaseWithoutAsm Xbox.Build.0 = Release_LTCG|Xbox
		{F0B31D76-FB92-478D-81F6-3E8FC77EF75D}.ReleaseWithoutCrtdll Win32.ActiveCfg = Release_LTCG|Xbox
		{F0B31D76-FB92-478D-81F6-3E8FC77EF75D}.ReleaseWithoutCrtdll Win32.Build.0 = Release_LTCG|Xbox
		{F0B31D76-FB92-478D-81F6-3E8FC77EF75D}.ReleaseWithoutCrtdll Xbox.ActiveCfg = Release_LTCG|Xbox
		{F0B31D76-FB92-478D-81F6-3E8FC77EF75D}.ReleaseWithoutCrtdll Xbox.Build.0 = Release_LTCG|Xbox
		{F0B31D76-FB92-478D-81F6-3E8FC77EF75D}.Xbox Singled Threaded.ActiveCfg = Release_LTCG|Xbox
		{F0B31D76-FB92-478D-81F6-3E8FC77EF75D}.Xbox Singled Threaded.Build.0 = Release_LTCG|Xbox
	EndGlobalSection
	GlobalSection(ExtensibilityGlobals) = postSolution
	EndGlobalSection
	GlobalSection(ExtensibilityAddIns) = postSolution
	EndGlobalSection
EndGlobal
